
Microsoft Visual Studio Solution File, Format Version 12.00
# Visual Studio Version 17
VisualStudioVersion = 17.11.35303.130
MinimumVisualStudioVersion = 10.0.40219.1
Project("{FAE04EC0-301F-11D3-BF4B-00C04F79EFBC}") = "personapi-dotnet", "personapi-dotnet\personapi-dotnet.csproj", "{2752E5D8-9B8F-4F83-AF6E-2699A67D0E28}"
EndProject
Global
	GlobalSection(SolutionConfigurationPlatforms) = preSolution
		Debug|Any CPU = Debug|Any CPU
		Release|Any CPU = Release|Any CPU
	EndGlobalSection
	GlobalSection(ProjectConfigurationPlatforms) = postSolution
		{2752E5D8-9B8F-4F83-AF6E-2699A67D0E28}.Debug|Any CPU.ActiveCfg = Debug|Any CPU
		{2752E5D8-9B8F-4F83-AF6E-2699A67D0E28}.Debug|Any CPU.Build.0 = Debug|Any CPU
		{2752E5D8-9B8F-4F83-AF6E-2699A67D0E28}.Release|Any CPU.ActiveCfg = Release|Any CPU
		{2752E5D8-9B8F-4F83-AF6E-2699A67D0E28}.Release|Any CPU.Build.0 = Release|Any CPU
	EndGlobalSection
	GlobalSection(SolutionProperties) = preSolution
		HideSolutionNode = FALSE
	EndGlobalSection
	GlobalSection(ExtensibilityGlobals) = postSolution
		SolutionGuid = {E7D5D0BE-656D-4497-82B9-390DB9C0C5E9}
	EndGlobalSection
EndGlobal
